
Microsoft Visual Studio Solution File, Format Version 12.00
# Visual Studio Version 16
VisualStudioVersion = 16.0.31911.196
MinimumVisualStudioVersion = 10.0.40219.1
Project("{FAE04EC0-301F-11D3-BF4B-00C04F79EFBC}") = "ColatzConjecture", "ColatzConjecture\ColatzConjecture.csproj", "{145B018F-EC2D-4427-BF1B-BDE8E98337DA}"
EndProject
Global
	GlobalSection(SolutionConfigurationPlatforms) = preSolution
		Debug|Any CPU = Debug|Any CPU
		Release|Any CPU = Release|Any CPU
	EndGlobalSection
	GlobalSection(ProjectConfigurationPlatforms) = postSolution
		{145B018F-EC2D-4427-BF1B-BDE8E98337DA}.Debug|Any CPU.ActiveCfg = Debug|Any CPU
		{145B018F-EC2D-4427-BF1B-BDE8E98337DA}.Debug|Any CPU.Build.0 = Debug|Any CPU
		{145B018F-EC2D-4427-BF1B-BDE8E98337DA}.Release|Any CPU.ActiveCfg = Release|Any CPU
		{145B018F-EC2D-4427-BF1B-BDE8E98337DA}.Release|Any CPU.Build.0 = Release|Any CPU
	EndGlobalSection
	GlobalSection(SolutionProperties) = preSolution
		HideSolutionNode = FALSE
	EndGlobalSection
	GlobalSection(ExtensibilityGlobals) = postSolution
		SolutionGuid = {77E246FB-E140-4F44-AACA-0009B4445FBE}
	EndGlobalSection
EndGlobal
